
Microsoft Visual Studio Solution File, Format Version 12.00
# Visual Studio Version 17
VisualStudioVersion = 17.1.32319.34
MinimumVisualStudioVersion = 10.0.40219.1
Project("{9A19103F-16F7-4668-BE54-9A1E7A4F7556}") = "WebApp", "WebApp\WebApp.csproj", "{097F649C-7988-4788-8402-15255D999DEE}"
EndProject
Project("{FAE04EC0-301F-11D3-BF4B-00C04F79EFBC}") = "ChinookSystem", "ChinookSystem\ChinookSystem.csproj", "{5E3F55BB-B0C2-46B5-9A00-26A9F4114657}"
EndProject
Global
	GlobalSection(SolutionConfigurationPlatforms) = preSolution
		Debug|Any CPU = Debug|Any CPU
		Release|Any CPU = Release|Any CPU
	EndGlobalSection
	GlobalSection(ProjectConfigurationPlatforms) = postSolution
		{097F649C-7988-4788-8402-15255D999DEE}.Debug|Any CPU.ActiveCfg = Debug|Any CPU
		{097F649C-7988-4788-8402-15255D999DEE}.Debug|Any CPU.Build.0 = Debug|Any CPU
		{097F649C-7988-4788-8402-15255D999DEE}.Release|Any CPU.ActiveCfg = Release|Any CPU
		{097F649C-7988-4788-8402-15255D999DEE}.Release|Any CPU.Build.0 = Release|Any CPU
		{5E3F55BB-B0C2-46B5-9A00-26A9F4114657}.Debug|Any CPU.ActiveCfg = Debug|Any CPU
		{5E3F55BB-B0C2-46B5-9A00-26A9F4114657}.Debug|Any CPU.Build.0 = Debug|Any CPU
		{5E3F55BB-B0C2-46B5-9A00-26A9F4114657}.Release|Any CPU.ActiveCfg = Release|Any CPU
		{5E3F55BB-B0C2-46B5-9A00-26A9F4114657}.Release|Any CPU.Build.0 = Release|Any CPU
	EndGlobalSection
	GlobalSection(SolutionProperties) = preSolution
		HideSolutionNode = FALSE
	EndGlobalSection
	GlobalSection(ExtensibilityGlobals) = postSolution
		SolutionGuid = {3567954A-438D-4233-86B3-877A1CB2C07A}
	EndGlobalSection
EndGlobal
